
Microsoft Visual Studio Solution File, Format Version 12.00
# Visual Studio Version 16
VisualStudioVersion = 16.0.31112.23
MinimumVisualStudioVersion = 10.0.40219.1
Project("{FAE04EC0-301F-11D3-BF4B-00C04F79EFBC}") = "AMOGUS", "AMOGUS\AMOGUS.csproj", "{FF1E7979-E163-43D5-8D22-1778068226D2}"
EndProject
Global
	GlobalSection(SolutionConfigurationPlatforms) = preSolution
		Debug|Any CPU = Debug|Any CPU
		Release|Any CPU = Release|Any CPU
	EndGlobalSection
	GlobalSection(ProjectConfigurationPlatforms) = postSolution
		{FF1E7979-E163-43D5-8D22-1778068226D2}.Debug|Any CPU.ActiveCfg = Debug|Any CPU
		{FF1E7979-E163-43D5-8D22-1778068226D2}.Debug|Any CPU.Build.0 = Debug|Any CPU
		{FF1E7979-E163-43D5-8D22-1778068226D2}.Release|Any CPU.ActiveCfg = Release|Any CPU
		{FF1E7979-E163-43D5-8D22-1778068226D2}.Release|Any CPU.Build.0 = Release|Any CPU
	EndGlobalSection
	GlobalSection(SolutionProperties) = preSolution
		HideSolutionNode = FALSE
	EndGlobalSection
	GlobalSection(ExtensibilityGlobals) = postSolution
		SolutionGuid = {8959DADC-8458-421D-AD6F-B682D9BC3779}
	EndGlobalSection
EndGlobal
